
Microsoft Visual Studio Solution File, Format Version 12.00
# Visual Studio Version 17
VisualStudioVersion = 17.4.33122.133
MinimumVisualStudioVersion = 10.0.40219.1
Project("{FAE04EC0-301F-11D3-BF4B-00C04F79EFBC}") = "ItStep", "ItStep\ItStep.csproj", "{E438177B-E7E9-44FB-841D-8A5117312514}"
EndProject
Project("{8BC9CEB8-8B4A-11D0-8D11-00A0C91BC942}") = "DllItStep", "DllItStep\DllItStep.vcxproj", "{33D1327D-679D-4217-BCA6-0FD083907766}"
EndProject
Global
	GlobalSection(SolutionConfigurationPlatforms) = preSolution
		Debug|Any CPU = Debug|Any CPU
		Debug|x64 = Debug|x64
		Debug|x86 = Debug|x86
		Release|Any CPU = Release|Any CPU
		Release|x64 = Release|x64
		Release|x86 = Release|x86
	EndGlobalSection
	GlobalSection(ProjectConfigurationPlatforms) = postSolution
		{E438177B-E7E9-44FB-841D-8A5117312514}.Debug|Any CPU.ActiveCfg = Debug|Any CPU
		{E438177B-E7E9-44FB-841D-8A5117312514}.Debug|Any CPU.Build.0 = Debug|Any CPU
		{E438177B-E7E9-44FB-841D-8A5117312514}.Debug|x64.ActiveCfg = Debug|Any CPU
		{E438177B-E7E9-44FB-841D-8A5117312514}.Debug|x64.Build.0 = Debug|Any CPU
		{E438177B-E7E9-44FB-841D-8A5117312514}.Debug|x86.ActiveCfg = Debug|Any CPU
		{E438177B-E7E9-44FB-841D-8A5117312514}.Debug|x86.Build.0 = Debug|Any CPU
		{E438177B-E7E9-44FB-841D-8A5117312514}.Release|Any CPU.ActiveCfg = Release|Any CPU
		{E438177B-E7E9-44FB-841D-8A5117312514}.Release|Any CPU.Build.0 = Release|Any CPU
		{E438177B-E7E9-44FB-841D-8A5117312514}.Release|x64.ActiveCfg = Release|Any CPU
		{E438177B-E7E9-44FB-841D-8A5117312514}.Release|x64.Build.0 = Release|Any CPU
		{E438177B-E7E9-44FB-841D-8A5117312514}.Release|x86.ActiveCfg = Release|Any CPU
		{E438177B-E7E9-44FB-841D-8A5117312514}.Release|x86.Build.0 = Release|Any CPU
		{33D1327D-679D-4217-BCA6-0FD083907766}.Debug|Any CPU.ActiveCfg = Debug|x64
		{33D1327D-679D-4217-BCA6-0FD083907766}.Debug|Any CPU.Build.0 = Debug|x64
		{33D1327D-679D-4217-BCA6-0FD083907766}.Debug|x64.ActiveCfg = Debug|x64
		{33D1327D-679D-4217-BCA6-0FD083907766}.Debug|x64.Build.0 = Debug|x64
		{33D1327D-679D-4217-BCA6-0FD083907766}.Debug|x86.ActiveCfg = Debug|Win32
		{33D1327D-679D-4217-BCA6-0FD083907766}.Debug|x86.Build.0 = Debug|Win32
		{33D1327D-679D-4217-BCA6-0FD083907766}.Release|Any CPU.ActiveCfg = Release|x64
		{33D1327D-679D-4217-BCA6-0FD083907766}.Release|Any CPU.Build.0 = Release|x64
		{33D1327D-679D-4217-BCA6-0FD083907766}.Release|x64.ActiveCfg = Release|x64
		{33D1327D-679D-4217-BCA6-0FD083907766}.Release|x64.Build.0 = Release|x64
		{33D1327D-679D-4217-BCA6-0FD083907766}.Release|x86.ActiveCfg = Release|Win32
		{33D1327D-679D-4217-BCA6-0FD083907766}.Release|x86.Build.0 = Release|Win32
	EndGlobalSection
	GlobalSection(SolutionProperties) = preSolution
		HideSolutionNode = FALSE
	EndGlobalSection
	GlobalSection(ExtensibilityGlobals) = postSolution
		SolutionGuid = {7E6C491E-0202-4BEF-8696-270B3E53A886}
	EndGlobalSection
EndGlobal
